// !$*UTF8*$!
{
	archiveVersion = 1;
	classes = {
	};
	objectVersion = 56;
	objects = {

/* Begin PBXBuildFile section */
		43CD82692A02069C00F44F54 /* AppDelegate.swift in Sources */ = {isa = PBXBuildFile; fileRef = 43CD82682A02069C00F44F54 /* AppDelegate.swift */; };
		43CD826B2A02069C00F44F54 /* SceneDelegate.swift in Sources */ = {isa = PBXBuildFile; fileRef = 43CD826A2A02069C00F44F54 /* SceneDelegate.swift */; };
		43CD826D2A02069C00F44F54 /* ViewController.swift in Sources */ = {isa = PBXBuildFile; fileRef = 43CD826C2A02069C00F44F54 /* ViewController.swift */; };
		43CD82722A02069D00F44F54 /* Assets.xcassets in Resources */ = {isa = PBXBuildFile; fileRef = 43CD82712A02069D00F44F54 /* Assets.xcassets */; };
		43CD82752A02069D00F44F54 /* LaunchScreen.storyboard in Resources */ = {isa = PBXBuildFile; fileRef = 43CD82732A02069D00F44F54 /* LaunchScreen.storyboard */; };
		43CD82872A02082500F44F54 /* Main.storyboard in Resources */ = {isa = PBXBuildFile; fileRef = 43CD82862A02082500F44F54 /* Main.storyboard */; };
		43CD82922A020B0C00F44F54 /* SwiftSense in Frameworks */ = {isa = PBXBuildFile; productRef = 43CD82912A020B0C00F44F54 /* SwiftSense */; };
		43CD82962A020B5D00F44F54 /* WeatherDetailView.swift in Sources */ = {isa = PBXBuildFile; fileRef = 43CD82952A020B5D00F44F54 /* WeatherDetailView.swift */; };
		43CD82972A020B5D00F44F54 /* WeatherView.swift in Sources */ = {isa = PBXBuildFile; fileRef = 43CD82942A020B5D00F44F54 /* WeatherView.swift */; };
		43CD82982A020B5D00F44F54 /* WeatherRow.swift in Sources */ = {isa = PBXBuildFile; fileRef = 43CD82932A020B5D00F44F54 /* WeatherRow.swift */; };
		43CD829A2A020B6C00F44F54 /* WeatherDetailViewModel.swift in Sources */ = {isa = PBXBuildFile; fileRef = 43CD82992A020B6C00F44F54 /* WeatherDetailViewModel.swift */; };
		43CD829D2A020B7600F44F54 /* WeatherGeocoding.swift in Sources */ = {isa = PBXBuildFile; fileRef = 43CD829C2A020B7600F44F54 /* WeatherGeocoding.swift */; };
		43CD829E2A020B7600F44F54 /* WeatherCity.swift in Sources */ = {isa = PBXBuildFile; fileRef = 43CD829B2A020B7600F44F54 /* WeatherCity.swift */; };
		43CD82A12A020B8600F44F54 /* LocationManager.swift in Sources */ = {isa = PBXBuildFile; fileRef = 43CD829F2A020B8600F44F54 /* LocationManager.swift */; };
		43CD82A22A020B8600F44F54 /* WeatherManager.swift in Sources */ = {isa = PBXBuildFile; fileRef = 43CD82A02A020B8600F44F54 /* WeatherManager.swift */; };
		43CD82A52A020BBE00F44F54 /* enums.swift in Sources */ = {isa = PBXBuildFile; fileRef = 43CD82A42A020BBE00F44F54 /* enums.swift */; };
		43CD82A72A020BC700F44F54 /* URLConstants.swift in Sources */ = {isa = PBXBuildFile; fileRef = 43CD82A62A020BC700F44F54 /* URLConstants.swift */; };
/* End PBXBuildFile section */

/* Begin PBXFileReference section */
		43CD82652A02069C00F44F54 /* YetAnotherWeatherApp.app */ = {isa = PBXFileReference; explicitFileType = wrapper.application; includeInIndex = 0; path = YetAnotherWeatherApp.app; sourceTree = BUILT_PRODUCTS_DIR; };
		43CD82682A02069C00F44F54 /* AppDelegate.swift */ = {isa = PBXFileReference; lastKnownFileType = sourcecode.swift; path = AppDelegate.swift; sourceTree = "<group>"; };
		43CD826A2A02069C00F44F54 /* SceneDelegate.swift */ = {isa = PBXFileReference; lastKnownFileType = sourcecode.swift; path = SceneDelegate.swift; sourceTree = "<group>"; };
		43CD826C2A02069C00F44F54 /* ViewController.swift */ = {isa = PBXFileReference; lastKnownFileType = sourcecode.swift; path = ViewController.swift; sourceTree = "<group>"; };
		43CD82712A02069D00F44F54 /* Assets.xcassets */ = {isa = PBXFileReference; lastKnownFileType = folder.assetcatalog; path = Assets.xcassets; sourceTree = "<group>"; };
		43CD82742A02069D00F44F54 /* Base */ = {isa = PBXFileReference; lastKnownFileType = file.storyboard; name = Base; path = Base.lproj/LaunchScreen.storyboard; sourceTree = "<group>"; };
		43CD82762A02069D00F44F54 /* Info.plist */ = {isa = PBXFileReference; lastKnownFileType = text.plist.xml; path = Info.plist; sourceTree = "<group>"; };
		43CD82862A02082500F44F54 /* Main.storyboard */ = {isa = PBXFileReference; fileEncoding = 4; lastKnownFileType = file.storyboard; path = Main.storyboard; sourceTree = "<group>"; };
		43CD82932A020B5D00F44F54 /* WeatherRow.swift */ = {isa = PBXFileReference; lastKnownFileType = sourcecode.swift; path = WeatherRow.swift; sourceTree = "<group>"; };
		43CD82942A020B5D00F44F54 /* WeatherView.swift */ = {isa = PBXFileReference; lastKnownFileType = sourcecode.swift; path = WeatherView.swift; sourceTree = "<group>"; };
		43CD82952A020B5D00F44F54 /* WeatherDetailView.swift */ = {isa = PBXFileReference; lastKnownFileType = sourcecode.swift; path = WeatherDetailView.swift; sourceTree = "<group>"; };
		43CD82992A020B6C00F44F54 /* WeatherDetailViewModel.swift */ = {isa = PBXFileReference; lastKnownFileType = sourcecode.swift; path = WeatherDetailViewModel.swift; sourceTree = "<group>"; };
		43CD829B2A020B7600F44F54 /* WeatherCity.swift */ = {isa = PBXFileReference; lastKnownFileType = sourcecode.swift; path = WeatherCity.swift; sourceTree = "<group>"; };
		43CD829C2A020B7600F44F54 /* WeatherGeocoding.swift */ = {isa = PBXFileReference; lastKnownFileType = sourcecode.swift; path = WeatherGeocoding.swift; sourceTree = "<group>"; };
		43CD829F2A020B8600F44F54 /* LocationManager.swift */ = {isa = PBXFileReference; lastKnownFileType = sourcecode.swift; path = LocationManager.swift; sourceTree = "<group>"; };
		43CD82A02A020B8600F44F54 /* WeatherManager.swift */ = {isa = PBXFileReference; lastKnownFileType = sourcecode.swift; path = WeatherManager.swift; sourceTree = "<group>"; };
		43CD82A32A020B9900F44F54 /* WeatherCity.json */ = {isa = PBXFileReference; lastKnownFileType = text.json; path = WeatherCity.json; sourceTree = "<group>"; };
		43CD82A42A020BBE00F44F54 /* enums.swift */ = {isa = PBXFileReference; fileEncoding = 4; lastKnownFileType = sourcecode.swift; path = enums.swift; sourceTree = "<group>"; };
		43CD82A62A020BC700F44F54 /* URLConstants.swift */ = {isa = PBXFileReference; fileEncoding = 4; lastKnownFileType = sourcecode.swift; path = URLConstants.swift; sourceTree = "<group>"; };
/* End PBXFileReference section */

/* Begin PBXFrameworksBuildPhase section */
		43CD82622A02069C00F44F54 /* Frameworks */ = {
			isa = PBXFrameworksBuildPhase;
			buildActionMask = 2147483647;
			files = (
				43CD82922A020B0C00F44F54 /* SwiftSense in Frameworks */,
			);
			runOnlyForDeploymentPostprocessing = 0;
		};
/* End PBXFrameworksBuildPhase section */

/* Begin PBXGroup section */
		43CD825C2A02069C00F44F54 = {
			isa = PBXGroup;
			children = (
				43CD82672A02069C00F44F54 /* YetAnotherWeatherApp */,
				43CD82662A02069C00F44F54 /* Products */,
			);
			sourceTree = "<group>";
		};
		43CD82662A02069C00F44F54 /* Products */ = {
			isa = PBXGroup;
			children = (
				43CD82652A02069C00F44F54 /* YetAnotherWeatherApp.app */,
			);
			name = Products;
			sourceTree = "<group>";
		};
		43CD82672A02069C00F44F54 /* YetAnotherWeatherApp */ = {
			isa = PBXGroup;
			children = (
				43CD82682A02069C00F44F54 /* AppDelegate.swift */,
				43CD82A32A020B9900F44F54 /* WeatherCity.json */,
				43CD829B2A020B7600F44F54 /* WeatherCity.swift */,
				43CD829C2A020B7600F44F54 /* WeatherGeocoding.swift */,
				43CD826A2A02069C00F44F54 /* SceneDelegate.swift */,
				43CD82992A020B6C00F44F54 /* WeatherDetailViewModel.swift */,
				43CD82A62A020BC700F44F54 /* URLConstants.swift */,
				43CD826C2A02069C00F44F54 /* ViewController.swift */,
				43CD82952A020B5D00F44F54 /* WeatherDetailView.swift */,
				43CD82932A020B5D00F44F54 /* WeatherRow.swift */,
				43CD82942A020B5D00F44F54 /* WeatherView.swift */,
				43CD82862A02082500F44F54 /* Main.storyboard */,
				43CD829F2A020B8600F44F54 /* LocationManager.swift */,
				43CD82A02A020B8600F44F54 /* WeatherManager.swift */,
				43CD82A42A020BBE00F44F54 /* enums.swift */,
				43CD82712A02069D00F44F54 /* Assets.xcassets */,
				43CD82732A02069D00F44F54 /* LaunchScreen.storyboard */,
				43CD82762A02069D00F44F54 /* Info.plist */,
			);
			path = YetAnotherWeatherApp;
			sourceTree = "<group>";
		};
/* End PBXGroup section */

/* Begin PBXNativeTarget section */
		43CD82642A02069C00F44F54 /* YetAnotherWeatherApp */ = {
			isa = PBXNativeTarget;
			buildConfigurationList = 43CD82792A02069D00F44F54 /* Build configuration list for PBXNativeTarget "YetAnotherWeatherApp" */;
			buildPhases = (
				43CD82612A02069C00F44F54 /* Sources */,
				43CD82622A02069C00F44F54 /* Frameworks */,
				43CD82632A02069C00F44F54 /* Resources */,
			);
			buildRules = (
			);
			dependencies = (
			);
			name = YetAnotherWeatherApp;
			packageProductDependencies = (
				43CD82912A020B0C00F44F54 /* SwiftSense */,
			);
			productName = YetAnotherWeatherApp;
			productReference = 43CD82652A02069C00F44F54 /* YetAnotherWeatherApp.app */;
			productType = "com.apple.product-type.application";
		};
/* End PBXNativeTarget section */

/* Begin PBXProject section */
		43CD825D2A02069C00F44F54 /* Project object */ = {
			isa = PBXProject;
			attributes = {
				BuildIndependentTargetsInParallel = 1;
				LastSwiftUpdateCheck = 1430;
				LastUpgradeCheck = 1430;
				TargetAttributes = {
					43CD82642A02069C00F44F54 = {
						CreatedOnToolsVersion = 14.3;
					};
				};
			};
			buildConfigurationList = 43CD82602A02069C00F44F54 /* Build configuration list for PBXProject "YetAnotherWeatherApp" */;
			compatibilityVersion = "Xcode 14.0";
			developmentRegion = en;
			hasScannedForEncodings = 0;
			knownRegions = (
				en,
				Base,
			);
			mainGroup = 43CD825C2A02069C00F44F54;
			packageReferences = (
				43CD82902A020B0C00F44F54 /* XCRemoteSwiftPackageReference "swift-sense" */,
			);
			productRefGroup = 43CD82662A02069C00F44F54 /* Products */;
			projectDirPath = "";
			projectRoot = "";
			targets = (
				43CD82642A02069C00F44F54 /* YetAnotherWeatherApp */,
			);
		};
/* End PBXProject section */

/* Begin PBXResourcesBuildPhase section */
		43CD82632A02069C00F44F54 /* Resources */ = {
			isa = PBXResourcesBuildPhase;
			buildActionMask = 2147483647;
			files = (
				43CD82752A02069D00F44F54 /* LaunchScreen.storyboard in Resources */,
				43CD82722A02069D00F44F54 /* Assets.xcassets in Resources */,
				43CD82872A02082500F44F54 /* Main.storyboard in Resources */,
			);
			runOnlyForDeploymentPostprocessing = 0;
		};
/* End PBXResourcesBuildPhase section */

/* Begin PBXSourcesBuildPhase section */
		43CD82612A02069C00F44F54 /* Sources */ = {
			isa = PBXSourcesBuildPhase;
			buildActionMask = 2147483647;
			files = (
				43CD829D2A020B7600F44F54 /* WeatherGeocoding.swift in Sources */,
				43CD829A2A020B6C00F44F54 /* WeatherDetailViewModel.swift in Sources */,
				43CD82A12A020B8600F44F54 /* LocationManager.swift in Sources */,
				43CD82972A020B5D00F44F54 /* WeatherView.swift in Sources */,
				43CD82962A020B5D00F44F54 /* WeatherDetailView.swift in Sources */,
				43CD826D2A02069C00F44F54 /* ViewController.swift in Sources */,
				43CD82A72A020BC700F44F54 /* URLConstants.swift in Sources */,
				43CD82A22A020B8600F44F54 /* WeatherManager.swift in Sources */,
				43CD82982A020B5D00F44F54 /* WeatherRow.swift in Sources */,
				43CD829E2A020B7600F44F54 /* WeatherCity.swift in Sources */,
				43CD82692A02069C00F44F54 /* AppDelegate.swift in Sources */,
				43CD82A52A020BBE00F44F54 /* enums.swift in Sources */,
				43CD826B2A02069C00F44F54 /* SceneDelegate.swift in Sources */,
			);
			runOnlyForDeploymentPostprocessing = 0;
		};
/* End PBXSourcesBuildPhase section */

/* Begin PBXVariantGroup section */
		43CD82732A02069D00F44F54 /* LaunchScreen.storyboard */ = {
			isa = PBXVariantGroup;
			children = (
				43CD82742A02069D00F44F54 /* Base */,
			);
			name = LaunchScreen.storyboard;
			sourceTree = "<group>";
		};
/* End PBXVariantGroup section */

/* Begin XCBuildConfiguration section */
		43CD82772A02069D00F44F54 /* Debug */ = {
			isa = XCBuildConfiguration;
			buildSettings = {
				ALWAYS_SEARCH_USER_PATHS = NO;
				CLANG_ANALYZER_NONNULL = YES;
				CLANG_ANALYZER_NUMBER_OBJECT_CONVERSION = YES_AGGRESSIVE;
				CLANG_CXX_LANGUAGE_STANDARD = "gnu++20";
				CLANG_ENABLE_MODULES = YES;
				CLANG_ENABLE_OBJC_ARC = YES;
				CLANG_ENABLE_OBJC_WEAK = YES;
				CLANG_WARN_BLOCK_CAPTURE_AUTORELEASING = YES;
				CLANG_WARN_BOOL_CONVERSION = YES;
				CLANG_WARN_COMMA = YES;
				CLANG_WARN_CONSTANT_CONVERSION = YES;
				CLANG_WARN_DEPRECATED_OBJC_IMPLEMENTATIONS = YES;
				CLANG_WARN_DIRECT_OBJC_ISA_USAGE = YES_ERROR;
				CLANG_WARN_DOCUMENTATION_COMMENTS = YES;
				CLANG_WARN_EMPTY_BODY = YES;
				CLANG_WARN_ENUM_CONVERSION = YES;
				CLANG_WARN_INFINITE_RECURSION = YES;
				CLANG_WARN_INT_CONVERSION = YES;
				CLANG_WARN_NON_LITERAL_NULL_CONVERSION = YES;
				CLANG_WARN_OBJC_IMPLICIT_RETAIN_SELF = YES;
				CLANG_WARN_OBJC_LITERAL_CONVERSION = YES;
				CLANG_WARN_OBJC_ROOT_CLASS = YES_ERROR;
				CLANG_WARN_QUOTED_INCLUDE_IN_FRAMEWORK_HEADER = YES;
				CLANG_WARN_RANGE_LOOP_ANALYSIS = YES;
				CLANG_WARN_STRICT_PROTOTYPES = YES;
				CLANG_WARN_SUSPICIOUS_MOVE = YES;
				CLANG_WARN_UNGUARDED_AVAILABILITY = YES_AGGRESSIVE;
				CLANG_WARN_UNREACHABLE_CODE = YES;
				CLANG_WARN__DUPLICATE_METHOD_MATCH = YES;
				COPY_PHASE_STRIP = NO;
				DEBUG_INFORMATION_FORMAT = dwarf;
				ENABLE_STRICT_OBJC_MSGSEND = YES;
				ENABLE_TESTABILITY = YES;
				GCC_C_LANGUAGE_STANDARD = gnu11;
				GCC_DYNAMIC_NO_PIC = NO;
				GCC_NO_COMMON_BLOCKS = YES;
				GCC_OPTIMIZATION_LEVEL = 0;
				GCC_PREPROCESSOR_DEFINITIONS = (
					"DEBUG=1",
					"$(inherited)",
				);
				GCC_WARN_64_TO_32_BIT_CONVERSION = YES;
				GCC_WARN_ABOUT_RETURN_TYPE = YES_ERROR;
				GCC_WARN_UNDECLARED_SELECTOR = YES;
				GCC_WARN_UNINITIALIZED_AUTOS = YES_AGGRESSIVE;
				GCC_WARN_UNUSED_FUNCTION = YES;
				GCC_WARN_UNUSED_VARIABLE = YES;
				IPHONEOS_DEPLOYMENT_TARGET = 16.4;
				MTL_ENABLE_DEBUG_INFO = INCLUDE_SOURCE;
				MTL_FAST_MATH = YES;
				ONLY_ACTIVE_ARCH = YES;
				SDKROOT = iphoneos;
				SWIFT_ACTIVE_COMPILATION_CONDITIONS = DEBUG;
				SWIFT_OPTIMIZATION_LEVEL = "-Onone";
			};
			name = Debug;
		};
		43CD82782A02069D00F44F54 /* Release */ = {
			isa = XCBuildConfiguration;
			buildSettings = {
				ALWAYS_SEARCH_USER_PATHS = NO;
				CLANG_ANALYZER_NONNULL = YES;
				CLANG_ANALYZER_NUMBER_OBJECT_CONVERSION = YES_AGGRESSIVE;
				CLANG_CXX_LANGUAGE_STANDARD = "gnu++20";
				CLANG_ENABLE_MODULES = YES;
				CLANG_ENABLE_OBJC_ARC = YES;
				CLANG_ENABLE_OBJC_WEAK = YES;
				CLANG_WARN_BLOCK_CAPTURE_AUTORELEASING = YES;
				CLANG_WARN_BOOL_CONVERSION = YES;
				CLANG_WARN_COMMA = YES;
				CLANG_WARN_CONSTANT_CONVERSION = YES;
				CLANG_WARN_DEPRECATED_OBJC_IMPLEMENTATIONS = YES;
				CLANG_WARN_DIRECT_OBJC_ISA_USAGE = YES_ERROR;
				CLANG_WARN_DOCUMENTATION_COMMENTS = YES;
				CLANG_WARN_EMPTY_BODY = YES;
				CLANG_WARN_ENUM_CONVERSION = YES;
				CLANG_WARN_INFINITE_RECURSION = YES;
				CLANG_WARN_INT_CONVERSION = YES;
				CLANG_WARN_NON_LITERAL_NULL_CONVERSION = YES;
				CLANG_WARN_OBJC_IMPLICIT_RETAIN_SELF = YES;
				CLANG_WARN_OBJC_LITERAL_CONVERSION = YES;
				CLANG_WARN_OBJC_ROOT_CLASS = YES_ERROR;
				CLANG_WARN_QUOTED_INCLUDE_IN_FRAMEWORK_HEADER = YES;
				CLANG_WARN_RANGE_LOOP_ANALYSIS = YES;
				CLANG_WARN_STRICT_PROTOTYPES = YES;
				CLANG_WARN_SUSPICIOUS_MOVE = YES;
				CLANG_WARN_UNGUARDED_AVAILABILITY = YES_AGGRESSIVE;
				CLANG_WARN_UNREACHABLE_CODE = YES;
				CLANG_WARN__DUPLICATE_METHOD_MATCH = YES;
				COPY_PHASE_STRIP = NO;
				DEBUG_INFORMATION_FORMAT = "dwarf-with-dsym";
				ENABLE_NS_ASSERTIONS = NO;
				ENABLE_STRICT_OBJC_MSGSEND = YES;
				GCC_C_LANGUAGE_STANDARD = gnu11;
				GCC_NO_COMMON_BLOCKS = YES;
				GCC_WARN_64_TO_32_BIT_CONVERSION = YES;
				GCC_WARN_ABOUT_RETURN_TYPE = YES_ERROR;
				GCC_WARN_UNDECLARED_SELECTOR = YES;
				GCC_WARN_UNINITIALIZED_AUTOS = YES_AGGRESSIVE;
				GCC_WARN_UNUSED_FUNCTION = YES;
				GCC_WARN_UNUSED_VARIABLE = YES;
				IPHONEOS_DEPLOYMENT_TARGET = 16.4;
				MTL_ENABLE_DEBUG_INFO = NO;
				MTL_FAST_MATH = YES;
				SDKROOT = iphoneos;
				SWIFT_COMPILATION_MODE = wholemodule;
				SWIFT_OPTIMIZATION_LEVEL = "-O";
				VALIDATE_PRODUCT = YES;
			};
			name = Release;
		};
		43CD827A2A02069D00F44F54 /* Debug */ = {
			isa = XCBuildConfiguration;
			buildSettings = {
				ASSETCATALOG_COMPILER_APPICON_NAME = AppIcon;
				ASSETCATALOG_COMPILER_GLOBAL_ACCENT_COLOR_NAME = AccentColor;
				CODE_SIGN_STYLE = Automatic;
				CURRENT_PROJECT_VERSION = 1;
				DEVELOPMENT_TEAM = LGQH99U6M2;
				GENERATE_INFOPLIST_FILE = YES;
				INFOPLIST_FILE = YetAnotherWeatherApp/Info.plist;
				INFOPLIST_KEY_UIApplicationSupportsIndirectInputEvents = YES;
				INFOPLIST_KEY_UILaunchStoryboardName = LaunchScreen;
				INFOPLIST_KEY_UIMainStoryboardFile = Main;
				INFOPLIST_KEY_UISupportedInterfaceOrientations_iPad = "UIInterfaceOrientationPortrait UIInterfaceOrientationPortraitUpsideDown UIInterfaceOrientationLandscapeLeft UIInterfaceOrientationLandscapeRight";
				INFOPLIST_KEY_UISupportedInterfaceOrientations_iPhone = "UIInterfaceOrientationPortrait UIInterfaceOrientationLandscapeLeft UIInterfaceOrientationLandscapeRight";
				LD_RUNPATH_SEARCH_PATHS = (
					"$(inherited)",
					"@executable_path/Frameworks",
				);
				MARKETING_VERSION = 1.0;
				PRODUCT_BUNDLE_IDENTIFIER = com.sensehack.YetAnotherWeatherApp;
				PRODUCT_NAME = "$(TARGET_NAME)";
				SWIFT_EMIT_LOC_STRINGS = YES;
				SWIFT_VERSION = 5.0;
				TARGETED_DEVICE_FAMILY = "1,2";
			};
			name = Debug;
		};
		43CD827B2A02069D00F44F54 /* Release */ = {
			isa = XCBuildConfiguration;
			buildSettings = {
				ASSETCATALOG_COMPILER_APPICON_NAME = AppIcon;
				ASSETCATALOG_COMPILER_GLOBAL_ACCENT_COLOR_NAME = AccentColor;
				CODE_SIGN_STYLE = Automatic;
				CURRENT_PROJECT_VERSION = 1;
				DEVELOPMENT_TEAM = LGQH99U6M2;
				GENERATE_INFOPLIST_FILE = YES;
				INFOPLIST_FILE = YetAnotherWeatherApp/Info.plist;
				INFOPLIST_KEY_UIApplicationSupportsIndirectInputEvents = YES;
				INFOPLIST_KEY_UILaunchStoryboardName = LaunchScreen;
				INFOPLIST_KEY_UIMainStoryboardFile = Main;
				INFOPLIST_KEY_UISupportedInterfaceOrientations_iPad = "UIInterfaceOrientationPortrait UIInterfaceOrientationPortraitUpsideDown UIInterfaceOrientationLandscapeLeft UIInterfaceOrientationLandscapeRight";
				INFOPLIST_KEY_UISupportedInterfaceOrientations_iPhone = "UIInterfaceOrientationPortrait UIInterfaceOrientationLandscapeLeft UIInterfaceOrientationLandscapeRight";
				LD_RUNPATH_SEARCH_PATHS = (
					"$(inherited)",
					"@executable_path/Frameworks",
				);
				MARKETING_VERSION = 1.0;
				PRODUCT_BUNDLE_IDENTIFIER = com.sensehack.YetAnotherWeatherApp;
				PRODUCT_NAME = "$(TARGET_NAME)";
				SWIFT_EMIT_LOC_STRINGS = YES;
				SWIFT_VERSION = 5.0;
				TARGETED_DEVICE_FAMILY = "1,2";
			};
			name = Release;
		};
/* End XCBuildConfiguration section */

/* Begin XCConfigurationList section */
		43CD82602A02069C00F44F54 /* Build configuration list for PBXProject "YetAnotherWeatherApp" */ = {
			isa = XCConfigurationList;
			buildConfigurations = (
				43CD82772A02069D00F44F54 /* Debug */,
				43CD82782A02069D00F44F54 /* Release */,
			);
			defaultConfigurationIsVisible = 0;
			defaultConfigurationName = Release;
		};
		43CD82792A02069D00F44F54 /* Build configuration list for PBXNativeTarget "YetAnotherWeatherApp" */ = {
			isa = XCConfigurationList;
			buildConfigurations = (
				43CD827A2A02069D00F44F54 /* Debug */,
				43CD827B2A02069D00F44F54 /* Release */,
			);
			defaultConfigurationIsVisible = 0;
			defaultConfigurationName = Release;
		};
/* End XCConfigurationList section */

/* Begin XCRemoteSwiftPackageReference section */
		43CD82902A020B0C00F44F54 /* XCRemoteSwiftPackageReference "swift-sense" */ = {
			isa = XCRemoteSwiftPackageReference;
			repositoryURL = "https://github.com/SensehacK/swift-sense";
			requirement = {
				kind = upToNextMajorVersion;
				minimumVersion = 0.2.2;
			};
		};
/* End XCRemoteSwiftPackageReference section */

/* Begin XCSwiftPackageProductDependency section */
		43CD82912A020B0C00F44F54 /* SwiftSense */ = {
			isa = XCSwiftPackageProductDependency;
			package = 43CD82902A020B0C00F44F54 /* XCRemoteSwiftPackageReference "swift-sense" */;
			productName = SwiftSense;
		};
/* End XCSwiftPackageProductDependency section */
	};
	rootObject = 43CD825D2A02069C00F44F54 /* Project object */;
}
